
Microsoft Visual Studio Solution File, Format Version 12.00
# Visual Studio Version 17
VisualStudioVersion = 17.0.31903.59
MinimumVisualStudioVersion = 10.0.40219.1
Project("{2150E333-8FDC-42A3-9474-1A3956D46DE8}") = "src", "src", "{827E0CD3-B72D-47B6-A68D-7590B98EB39B}"
EndProject
Project("{FAE04EC0-301F-11D3-BF4B-00C04F79EFBC}") = "Karakol.Application", "src\Karakol.Application\Karakol.Application.csproj", "{63099726-35F3-4F9E-A0B4-48D7EEC7C3B0}"
EndProject
Project("{FAE04EC0-301F-11D3-BF4B-00C04F79EFBC}") = "Karakol.Cli", "src\Karakol.Cli\Karakol.Cli.csproj", "{2D19FC46-99E7-4A62-B3A3-4EE401B96BFE}"
EndProject
Project("{FAE04EC0-301F-11D3-BF4B-00C04F79EFBC}") = "Karakol.Contracts", "src\Karakol.Contracts\Karakol.Contracts.csproj", "{9B66ACA9-434B-42F5-8FDC-B81374D502BE}"
EndProject
Project("{FAE04EC0-301F-11D3-BF4B-00C04F79EFBC}") = "Karakol.Correlation", "src\Karakol.Correlation\Karakol.Correlation.csproj", "{11C8DB10-8613-4D84-B669-6D9A5CD27B67}"
EndProject
Project("{FAE04EC0-301F-11D3-BF4B-00C04F79EFBC}") = "Karakol.Detection", "src\Karakol.Detection\Karakol.Detection.csproj", "{39B27EC2-97F7-427D-B908-840A1FC68A84}"
EndProject
Project("{FAE04EC0-301F-11D3-BF4B-00C04F79EFBC}") = "Karakol.Domain", "src\Karakol.Domain\Karakol.Domain.csproj", "{24CD630B-9CE5-4951-B022-DAF167092ADC}"
EndProject
Project("{FAE04EC0-301F-11D3-BF4B-00C04F79EFBC}") = "Karakol.Infrastructure", "src\Karakol.Infrastructure\Karakol.Infrastructure.csproj", "{9C2EDA13-7A87-4B2B-B2E8-AF1503FB9369}"
EndProject
Project("{FAE04EC0-301F-11D3-BF4B-00C04F79EFBC}") = "Karakol.ML", "src\Karakol.ML\Karakol.ML.csproj", "{E9A6DA1E-30BE-4D3C-B7F4-DBBFD6E50E96}"
EndProject
Project("{FAE04EC0-301F-11D3-BF4B-00C04F79EFBC}") = "Karakol.Parsing", "src\Karakol.Parsing\Karakol.Parsing.csproj", "{BCFAA28A-2C16-48D0-B861-C0C4E9902B9F}"
EndProject
Project("{FAE04EC0-301F-11D3-BF4B-00C04F79EFBC}") = "Karakol.Persistence", "src\Karakol.Persistence\Karakol.Persistence.csproj", "{AE99A264-00A8-4CEA-A511-8967DB3A843C}"
EndProject
Project("{FAE04EC0-301F-11D3-BF4B-00C04F79EFBC}") = "Karakol.Plugins.Abstractions", "src\Karakol.Plugins.Abstractions\Karakol.Plugins.Abstractions.csproj", "{C4552E16-138D-42A3-B31A-D63C48A3B95B}"
EndProject
Project("{FAE04EC0-301F-11D3-BF4B-00C04F79EFBC}") = "Karakol.Plugins.BuiltIn", "src\Karakol.Plugins.BuiltIn\Karakol.Plugins.BuiltIn.csproj", "{6530BBF6-72E0-4904-AF83-4D1B8041A04C}"
EndProject
Project("{FAE04EC0-301F-11D3-BF4B-00C04F79EFBC}") = "Karakol.Reporting", "src\Karakol.Reporting\Karakol.Reporting.csproj", "{61A18B72-14BA-45D6-954A-47CEA58DE730}"
EndProject
Project("{FAE04EC0-301F-11D3-BF4B-00C04F79EFBC}") = "Karakol.Risk", "src\Karakol.Risk\Karakol.Risk.csproj", "{DC4F0C0B-ACCB-4475-AB79-A664A5238005}"
EndProject
Project("{FAE04EC0-301F-11D3-BF4B-00C04F79EFBC}") = "Karakol.Shared", "src\Karakol.Shared\Karakol.Shared.csproj", "{815FDC57-B9A2-4090-839E-2CB5945D5300}"
EndProject
Project("{2150E333-8FDC-42A3-9474-1A3956D46DE8}") = "tests", "tests", "{0AB3BF05-4346-4AA6-1389-037BE0695223}"
EndProject
Project("{FAE04EC0-301F-11D3-BF4B-00C04F79EFBC}") = "Karakol.Detection.Tests", "tests\Karakol.Detection.Tests\Karakol.Detection.Tests.csproj", "{B61E013F-0607-4B27-A179-08392A05CD17}"
EndProject
Project("{FAE04EC0-301F-11D3-BF4B-00C04F79EFBC}") = "Karakol.Domain.Tests", "tests\Karakol.Domain.Tests\Karakol.Domain.Tests.csproj", "{FBB8BE80-7C03-400D-857B-2BB24F545754}"
EndProject
Project("{FAE04EC0-301F-11D3-BF4B-00C04F79EFBC}") = "Karakol.Integration.Tests", "tests\Karakol.Integration.Tests\Karakol.Integration.Tests.csproj", "{D0081D65-7F18-4E90-8EF0-6D577992296B}"
EndProject
Project("{FAE04EC0-301F-11D3-BF4B-00C04F79EFBC}") = "Karakol.Parsing.Tests", "tests\Karakol.Parsing.Tests\Karakol.Parsing.Tests.csproj", "{DD78333E-2601-40B1-9BC2-A6CB9E5382B2}"
EndProject
Project("{FAE04EC0-301F-11D3-BF4B-00C04F79EFBC}") = "Karakol.Reporting.Tests", "tests\Karakol.Reporting.Tests\Karakol.Reporting.Tests.csproj", "{82BBC895-951F-4D70-86E8-225DC29C8C19}"
EndProject
Project("{FAE04EC0-301F-11D3-BF4B-00C04F79EFBC}") = "Karakol.Risk.Tests", "tests\Karakol.Risk.Tests\Karakol.Risk.Tests.csproj", "{E620BEFA-3EA3-4810-88CC-F2CD82F5304F}"
EndProject
Project("{FAE04EC0-301F-11D3-BF4B-00C04F79EFBC}") = "Karakol.Correlation.Tests", "tests\Karakol.Correlation.Tests\Karakol.Correlation.Tests.csproj", "{8060F8EF-B5FD-43D4-A0CD-87AEA76BB87A}"
EndProject
Project("{FAE04EC0-301F-11D3-BF4B-00C04F79EFBC}") = "Karakol.Performance.Tests", "tests\Karakol.Performance.Tests\Karakol.Performance.Tests.csproj", "{62E03280-5161-40F5-8523-F7CEAE081E93}"
EndProject
Project("{FAE04EC0-301F-11D3-BF4B-00C04F79EFBC}") = "Karakol.ML.Tests", "tests\Karakol.ML.Tests\Karakol.ML.Tests.csproj", "{70E3F35A-A6EB-4229-B991-ADBB0903849B}"
EndProject
Project("{FAE04EC0-301F-11D3-BF4B-00C04F79EFBC}") = "Karakol.Persistence.Tests", "tests\Karakol.Persistence.Tests\Karakol.Persistence.Tests.csproj", "{969F3D26-633A-4805-8FBC-CDB79BD97EF1}"
EndProject
Project("{FAE04EC0-301F-11D3-BF4B-00C04F79EFBC}") = "Karakol.Application.Tests", "tests\Karakol.Application.Tests\Karakol.Application.Tests.csproj", "{1E3A0BDD-8352-43EA-83F7-5AE6E78F4D0D}"
EndProject
Project("{FAE04EC0-301F-11D3-BF4B-00C04F79EFBC}") = "Karakol.Persistence.DuckDb", "src\Karakol.Persistence.DuckDb\Karakol.Persistence.DuckDb.csproj", "{9B689113-7E7E-4BDD-B12F-8A7642C1A2EF}"
EndProject
Project("{FAE04EC0-301F-11D3-BF4B-00C04F79EFBC}") = "Karakol.Persistence.DuckDb.Tests", "tests\Karakol.Persistence.DuckDb.Tests\Karakol.Persistence.DuckDb.Tests.csproj", "{45561877-9467-4218-A051-CD9D66082D16}"
EndProject
Project("{2150E333-8FDC-42A3-9474-1A3956D46DE8}") = "benchmarks", "benchmarks", "{66320409-64EC-F7C5-3DEF-65E7510DAAD1}"
EndProject
Project("{FAE04EC0-301F-11D3-BF4B-00C04F79EFBC}") = "Karakol.Benchmarks", "benchmarks\Karakol.Benchmarks\Karakol.Benchmarks.csproj", "{91EADBB0-B06C-4F0B-B640-70F0FD6ECD5A}"
EndProject
Global
	GlobalSection(SolutionConfigurationPlatforms) = preSolution
		Debug|Any CPU = Debug|Any CPU
		Debug|x64 = Debug|x64
		Debug|x86 = Debug|x86
		Release|Any CPU = Release|Any CPU
		Release|x64 = Release|x64
		Release|x86 = Release|x86
	EndGlobalSection
	GlobalSection(ProjectConfigurationPlatforms) = postSolution
		{63099726-35F3-4F9E-A0B4-48D7EEC7C3B0}.Debug|Any CPU.ActiveCfg = Debug|Any CPU
		{63099726-35F3-4F9E-A0B4-48D7EEC7C3B0}.Debug|Any CPU.Build.0 = Debug|Any CPU
		{63099726-35F3-4F9E-A0B4-48D7EEC7C3B0}.Debug|x64.ActiveCfg = Debug|Any CPU
		{63099726-35F3-4F9E-A0B4-48D7EEC7C3B0}.Debug|x64.Build.0 = Debug|Any CPU
		{63099726-35F3-4F9E-A0B4-48D7EEC7C3B0}.Debug|x86.ActiveCfg = Debug|Any CPU
		{63099726-35F3-4F9E-A0B4-48D7EEC7C3B0}.Debug|x86.Build.0 = Debug|Any CPU
		{63099726-35F3-4F9E-A0B4-48D7EEC7C3B0}.Release|Any CPU.ActiveCfg = Release|Any CPU
		{63099726-35F3-4F9E-A0B4-48D7EEC7C3B0}.Release|Any CPU.Build.0 = Release|Any CPU
		{63099726-35F3-4F9E-A0B4-48D7EEC7C3B0}.Release|x64.ActiveCfg = Release|Any CPU
		{63099726-35F3-4F9E-A0B4-48D7EEC7C3B0}.Release|x64.Build.0 = Release|Any CPU
		{63099726-35F3-4F9E-A0B4-48D7EEC7C3B0}.Release|x86.ActiveCfg = Release|Any CPU
		{63099726-35F3-4F9E-A0B4-48D7EEC7C3B0}.Release|x86.Build.0 = Release|Any CPU
		{2D19FC46-99E7-4A62-B3A3-4EE401B96BFE}.Debug|Any CPU.ActiveCfg = Debug|Any CPU
		{2D19FC46-99E7-4A62-B3A3-4EE401B96BFE}.Debug|Any CPU.Build.0 = Debug|Any CPU
		{2D19FC46-99E7-4A62-B3A3-4EE401B96BFE}.Debug|x64.ActiveCfg = Debug|Any CPU
		{2D19FC46-99E7-4A62-B3A3-4EE401B96BFE}.Debug|x64.Build.0 = Debug|Any CPU
		{2D19FC46-99E7-4A62-B3A3-4EE401B96BFE}.Debug|x86.ActiveCfg = Debug|Any CPU
		{2D19FC46-99E7-4A62-B3A3-4EE401B96BFE}.Debug|x86.Build.0 = Debug|Any CPU
		{2D19FC46-99E7-4A62-B3A3-4EE401B96BFE}.Release|Any CPU.ActiveCfg = Release|Any CPU
		{2D19FC46-99E7-4A62-B3A3-4EE401B96BFE}.Release|Any CPU.Build.0 = Release|Any CPU
		{2D19FC46-99E7-4A62-B3A3-4EE401B96BFE}.Release|x64.ActiveCfg = Release|Any CPU
		{2D19FC46-99E7-4A62-B3A3-4EE401B96BFE}.Release|x64.Build.0 = Release|Any CPU
		{2D19FC46-99E7-4A62-B3A3-4EE401B96BFE}.Release|x86.ActiveCfg = Release|Any CPU
		{2D19FC46-99E7-4A62-B3A3-4EE401B96BFE}.Release|x86.Build.0 = Release|Any CPU
		{9B66ACA9-434B-42F5-8FDC-B81374D502BE}.Debug|Any CPU.ActiveCfg = Debug|Any CPU
		{9B66ACA9-434B-42F5-8FDC-B81374D502BE}.Debug|Any CPU.Build.0 = Debug|Any CPU
		{9B66ACA9-434B-42F5-8FDC-B81374D502BE}.Debug|x64.ActiveCfg = Debug|Any CPU
		{9B66ACA9-434B-42F5-8FDC-B81374D502BE}.Debug|x64.Build.0 = Debug|Any CPU
		{9B66ACA9-434B-42F5-8FDC-B81374D502BE}.Debug|x86.ActiveCfg = Debug|Any CPU
		{9B66ACA9-434B-42F5-8FDC-B81374D502BE}.Debug|x86.Build.0 = Debug|Any CPU
		{9B66ACA9-434B-42F5-8FDC-B81374D502BE}.Release|Any CPU.ActiveCfg = Release|Any CPU
		{9B66ACA9-434B-42F5-8FDC-B81374D502BE}.Release|Any CPU.Build.0 = Release|Any CPU
		{9B66ACA9-434B-42F5-8FDC-B81374D502BE}.Release|x64.ActiveCfg = Release|Any CPU
		{9B66ACA9-434B-42F5-8FDC-B81374D502BE}.Release|x64.Build.0 = Release|Any CPU
		{9B66ACA9-434B-42F5-8FDC-B81374D502BE}.Release|x86.ActiveCfg = Release|Any CPU
		{9B66ACA9-434B-42F5-8FDC-B81374D502BE}.Release|x86.Build.0 = Release|Any CPU
		{11C8DB10-8613-4D84-B669-6D9A5CD27B67}.Debug|Any CPU.ActiveCfg = Debug|Any CPU
		{11C8DB10-8613-4D84-B669-6D9A5CD27B67}.Debug|Any CPU.Build.0 = Debug|Any CPU
		{11C8DB10-8613-4D84-B669-6D9A5CD27B67}.Debug|x64.ActiveCfg = Debug|Any CPU
		{11C8DB10-8613-4D84-B669-6D9A5CD27B67}.Debug|x64.Build.0 = Debug|Any CPU
		{11C8DB10-8613-4D84-B669-6D9A5CD27B67}.Debug|x86.ActiveCfg = Debug|Any CPU
		{11C8DB10-8613-4D84-B669-6D9A5CD27B67}.Debug|x86.Build.0 = Debug|Any CPU
		{11C8DB10-8613-4D84-B669-6D9A5CD27B67}.Release|Any CPU.ActiveCfg = Release|Any CPU
		{11C8DB10-8613-4D84-B669-6D9A5CD27B67}.Release|Any CPU.Build.0 = Release|Any CPU
		{11C8DB10-8613-4D84-B669-6D9A5CD27B67}.Release|x64.ActiveCfg = Release|Any CPU
		{11C8DB10-8613-4D84-B669-6D9A5CD27B67}.Release|x64.Build.0 = Release|Any CPU
		{11C8DB10-8613-4D84-B669-6D9A5CD27B67}.Release|x86.ActiveCfg = Release|Any CPU
		{11C8DB10-8613-4D84-B669-6D9A5CD27B67}.Release|x86.Build.0 = Release|Any CPU
		{39B27EC2-97F7-427D-B908-840A1FC68A84}.Debug|Any CPU.ActiveCfg = Debug|Any CPU
		{39B27EC2-97F7-427D-B908-840A1FC68A84}.Debug|Any CPU.Build.0 = Debug|Any CPU
		{39B27EC2-97F7-427D-B908-840A1FC68A84}.Debug|x64.ActiveCfg = Debug|Any CPU
		{39B27EC2-97F7-427D-B908-840A1FC68A84}.Debug|x64.Build.0 = Debug|Any CPU
		{39B27EC2-97F7-427D-B908-840A1FC68A84}.Debug|x86.ActiveCfg = Debug|Any CPU
		{39B27EC2-97F7-427D-B908-840A1FC68A84}.Debug|x86.Build.0 = Debug|Any CPU
		{39B27EC2-97F7-427D-B908-840A1FC68A84}.Release|Any CPU.ActiveCfg = Release|Any CPU
		{39B27EC2-97F7-427D-B908-840A1FC68A84}.Release|Any CPU.Build.0 = Release|Any CPU
		{39B27EC2-97F7-427D-B908-840A1FC68A84}.Release|x64.ActiveCfg = Release|Any CPU
		{39B27EC2-97F7-427D-B908-840A1FC68A84}.Release|x64.Build.0 = Release|Any CPU
		{39B27EC2-97F7-427D-B908-840A1FC68A84}.Release|x86.ActiveCfg = Release|Any CPU
		{39B27EC2-97F7-427D-B908-840A1FC68A84}.Release|x86.Build.0 = Release|Any CPU
		{24CD630B-9CE5-4951-B022-DAF167092ADC}.Debug|Any CPU.ActiveCfg = Debug|Any CPU
		{24CD630B-9CE5-4951-B022-DAF167092ADC}.Debug|Any CPU.Build.0 = Debug|Any CPU
		{24CD630B-9CE5-4951-B022-DAF167092ADC}.Debug|x64.ActiveCfg = Debug|Any CPU
		{24CD630B-9CE5-4951-B022-DAF167092ADC}.Debug|x64.Build.0 = Debug|Any CPU
		{24CD630B-9CE5-4951-B022-DAF167092ADC}.Debug|x86.ActiveCfg = Debug|Any CPU
		{24CD630B-9CE5-4951-B022-DAF167092ADC}.Debug|x86.Build.0 = Debug|Any CPU
		{24CD630B-9CE5-4951-B022-DAF167092ADC}.Release|Any CPU.ActiveCfg = Release|Any CPU
		{24CD630B-9CE5-4951-B022-DAF167092ADC}.Release|Any CPU.Build.0 = Release|Any CPU
		{24CD630B-9CE5-4951-B022-DAF167092ADC}.Release|x64.ActiveCfg = Release|Any CPU
		{24CD630B-9CE5-4951-B022-DAF167092ADC}.Release|x64.Build.0 = Release|Any CPU
		{24CD630B-9CE5-4951-B022-DAF167092ADC}.Release|x86.ActiveCfg = Release|Any CPU
		{24CD630B-9CE5-4951-B022-DAF167092ADC}.Release|x86.Build.0 = Release|Any CPU
		{9C2EDA13-7A87-4B2B-B2E8-AF1503FB9369}.Debug|Any CPU.ActiveCfg = Debug|Any CPU
		{9C2EDA13-7A87-4B2B-B2E8-AF1503FB9369}.Debug|Any CPU.Build.0 = Debug|Any CPU
		{9C2EDA13-7A87-4B2B-B2E8-AF1503FB9369}.Debug|x64.ActiveCfg = Debug|Any CPU
		{9C2EDA13-7A87-4B2B-B2E8-AF1503FB9369}.Debug|x64.Build.0 = Debug|Any CPU
		{9C2EDA13-7A87-4B2B-B2E8-AF1503FB9369}.Debug|x86.ActiveCfg = Debug|Any CPU
		{9C2EDA13-7A87-4B2B-B2E8-AF1503FB9369}.Debug|x86.Build.0 = Debug|Any CPU
		{9C2EDA13-7A87-4B2B-B2E8-AF1503FB9369}.Release|Any CPU.ActiveCfg = Release|Any CPU
		{9C2EDA13-7A87-4B2B-B2E8-AF1503FB9369}.Release|Any CPU.Build.0 = Release|Any CPU
		{9C2EDA13-7A87-4B2B-B2E8-AF1503FB9369}.Release|x64.ActiveCfg = Release|Any CPU
		{9C2EDA13-7A87-4B2B-B2E8-AF1503FB9369}.Release|x64.Build.0 = Release|Any CPU
		{9C2EDA13-7A87-4B2B-B2E8-AF1503FB9369}.Release|x86.ActiveCfg = Release|Any CPU
		{9C2EDA13-7A87-4B2B-B2E8-AF1503FB9369}.Release|x86.Build.0 = Release|Any CPU
		{E9A6DA1E-30BE-4D3C-B7F4-DBBFD6E50E96}.Debug|Any CPU.ActiveCfg = Debug|Any CPU
		{E9A6DA1E-30BE-4D3C-B7F4-DBBFD6E50E96}.Debug|Any CPU.Build.0 = Debug|Any CPU
		{E9A6DA1E-30BE-4D3C-B7F4-DBBFD6E50E96}.Debug|x64.ActiveCfg = Debug|Any CPU
		{E9A6DA1E-30BE-4D3C-B7F4-DBBFD6E50E96}.Debug|x64.Build.0 = Debug|Any CPU
		{E9A6DA1E-30BE-4D3C-B7F4-DBBFD6E50E96}.Debug|x86.ActiveCfg = Debug|Any CPU
		{E9A6DA1E-30BE-4D3C-B7F4-DBBFD6E50E96}.Debug|x86.Build.0 = Debug|Any CPU
		{E9A6DA1E-30BE-4D3C-B7F4-DBBFD6E50E96}.Release|Any CPU.ActiveCfg = Release|Any CPU
		{E9A6DA1E-30BE-4D3C-B7F4-DBBFD6E50E96}.Release|Any CPU.Build.0 = Release|Any CPU
		{E9A6DA1E-30BE-4D3C-B7F4-DBBFD6E50E96}.Release|x64.ActiveCfg = Release|Any CPU
		{E9A6DA1E-30BE-4D3C-B7F4-DBBFD6E50E96}.Release|x64.Build.0 = Release|Any CPU
		{E9A6DA1E-30BE-4D3C-B7F4-DBBFD6E50E96}.Release|x86.ActiveCfg = Release|Any CPU
		{E9A6DA1E-30BE-4D3C-B7F4-DBBFD6E50E96}.Release|x86.Build.0 = Release|Any CPU
		{BCFAA28A-2C16-48D0-B861-C0C4E9902B9F}.Debug|Any CPU.ActiveCfg = Debug|Any CPU
		{BCFAA28A-2C16-48D0-B861-C0C4E9902B9F}.Debug|Any CPU.Build.0 = Debug|Any CPU
		{BCFAA28A-2C16-48D0-B861-C0C4E9902B9F}.Debug|x64.ActiveCfg = Debug|Any CPU
		{BCFAA28A-2C16-48D0-B861-C0C4E9902B9F}.Debug|x64.Build.0 = Debug|Any CPU
		{BCFAA28A-2C16-48D0-B861-C0C4E9902B9F}.Debug|x86.ActiveCfg = Debug|Any CPU
		{BCFAA28A-2C16-48D0-B861-C0C4E9902B9F}.Debug|x86.Build.0 = Debug|Any CPU
		{BCFAA28A-2C16-48D0-B861-C0C4E9902B9F}.Release|Any CPU.ActiveCfg = Release|Any CPU
		{BCFAA28A-2C16-48D0-B861-C0C4E9902B9F}.Release|Any CPU.Build.0 = Release|Any CPU
		{BCFAA28A-2C16-48D0-B861-C0C4E9902B9F}.Release|x64.ActiveCfg = Release|Any CPU
		{BCFAA28A-2C16-48D0-B861-C0C4E9902B9F}.Release|x64.Build.0 = Release|Any CPU
		{BCFAA28A-2C16-48D0-B861-C0C4E9902B9F}.Release|x86.ActiveCfg = Release|Any CPU
		{BCFAA28A-2C16-48D0-B861-C0C4E9902B9F}.Release|x86.Build.0 = Release|Any CPU
		{AE99A264-00A8-4CEA-A511-8967DB3A843C}.Debug|Any CPU.ActiveCfg = Debug|Any CPU
		{AE99A264-00A8-4CEA-A511-8967DB3A843C}.Debug|Any CPU.Build.0 = Debug|Any CPU
		{AE99A264-00A8-4CEA-A511-8967DB3A843C}.Debug|x64.ActiveCfg = Debug|Any CPU
		{AE99A264-00A8-4CEA-A511-8967DB3A843C}.Debug|x64.Build.0 = Debug|Any CPU
		{AE99A264-00A8-4CEA-A511-8967DB3A843C}.Debug|x86.ActiveCfg = Debug|Any CPU
		{AE99A264-00A8-4CEA-A511-8967DB3A843C}.Debug|x86.Build.0 = Debug|Any CPU
		{AE99A264-00A8-4CEA-A511-8967DB3A843C}.Release|Any CPU.ActiveCfg = Release|Any CPU
		{AE99A264-00A8-4CEA-A511-8967DB3A843C}.Release|Any CPU.Build.0 = Release|Any CPU
		{AE99A264-00A8-4CEA-A511-8967DB3A843C}.Release|x64.ActiveCfg = Release|Any CPU
		{AE99A264-00A8-4CEA-A511-8967DB3A843C}.Release|x64.Build.0 = Release|Any CPU
		{AE99A264-00A8-4CEA-A511-8967DB3A843C}.Release|x86.ActiveCfg = Release|Any CPU
		{AE99A264-00A8-4CEA-A511-8967DB3A843C}.Release|x86.Build.0 = Release|Any CPU
		{C4552E16-138D-42A3-B31A-D63C48A3B95B}.Debug|Any CPU.ActiveCfg = Debug|Any CPU
		{C4552E16-138D-42A3-B31A-D63C48A3B95B}.Debug|Any CPU.Build.0 = Debug|Any CPU
		{C4552E16-138D-42A3-B31A-D63C48A3B95B}.Debug|x64.ActiveCfg = Debug|Any CPU
		{C4552E16-138D-42A3-B31A-D63C48A3B95B}.Debug|x64.Build.0 = Debug|Any CPU
		{C4552E16-138D-42A3-B31A-D63C48A3B95B}.Debug|x86.ActiveCfg = Debug|Any CPU
		{C4552E16-138D-42A3-B31A-D63C48A3B95B}.Debug|x86.Build.0 = Debug|Any CPU
		{C4552E16-138D-42A3-B31A-D63C48A3B95B}.Release|Any CPU.ActiveCfg = Release|Any CPU
		{C4552E16-138D-42A3-B31A-D63C48A3B95B}.Release|Any CPU.Build.0 = Release|Any CPU
		{C4552E16-138D-42A3-B31A-D63C48A3B95B}.Release|x64.ActiveCfg = Release|Any CPU
		{C4552E16-138D-42A3-B31A-D63C48A3B95B}.Release|x64.Build.0 = Release|Any CPU
		{C4552E16-138D-42A3-B31A-D63C48A3B95B}.Release|x86.ActiveCfg = Release|Any CPU
		{C4552E16-138D-42A3-B31A-D63C48A3B95B}.Release|x86.Build.0 = Release|Any CPU
		{6530BBF6-72E0-4904-AF83-4D1B8041A04C}.Debug|Any CPU.ActiveCfg = Debug|Any CPU
		{6530BBF6-72E0-4904-AF83-4D1B8041A04C}.Debug|Any CPU.Build.0 = Debug|Any CPU
		{6530BBF6-72E0-4904-AF83-4D1B8041A04C}.Debug|x64.ActiveCfg = Debug|Any CPU
		{6530BBF6-72E0-4904-AF83-4D1B8041A04C}.Debug|x64.Build.0 = Debug|Any CPU
		{6530BBF6-72E0-4904-AF83-4D1B8041A04C}.Debug|x86.ActiveCfg = Debug|Any CPU
		{6530BBF6-72E0-4904-AF83-4D1B8041A04C}.Debug|x86.Build.0 = Debug|Any CPU
		{6530BBF6-72E0-4904-AF83-4D1B8041A04C}.Release|Any CPU.ActiveCfg = Release|Any CPU
		{6530BBF6-72E0-4904-AF83-4D1B8041A04C}.Release|Any CPU.Build.0 = Release|Any CPU
		{6530BBF6-72E0-4904-AF83-4D1B8041A04C}.Release|x64.ActiveCfg = Release|Any CPU
		{6530BBF6-72E0-4904-AF83-4D1B8041A04C}.Release|x64.Build.0 = Release|Any CPU
		{6530BBF6-72E0-4904-AF83-4D1B8041A04C}.Release|x86.ActiveCfg = Release|Any CPU
		{6530BBF6-72E0-4904-AF83-4D1B8041A04C}.Release|x86.Build.0 = Release|Any CPU
		{61A18B72-14BA-45D6-954A-47CEA58DE730}.Debug|Any CPU.ActiveCfg = Debug|Any CPU
		{61A18B72-14BA-45D6-954A-47CEA58DE730}.Debug|Any CPU.Build.0 = Debug|Any CPU
		{61A18B72-14BA-45D6-954A-47CEA58DE730}.Debug|x64.ActiveCfg = Debug|Any CPU
		{61A18B72-14BA-45D6-954A-47CEA58DE730}.Debug|x64.Build.0 = Debug|Any CPU
		{61A18B72-14BA-45D6-954A-47CEA58DE730}.Debug|x86.ActiveCfg = Debug|Any CPU
		{61A18B72-14BA-45D6-954A-47CEA58DE730}.Debug|x86.Build.0 = Debug|Any CPU
		{61A18B72-14BA-45D6-954A-47CEA58DE730}.Release|Any CPU.ActiveCfg = Release|Any CPU
		{61A18B72-14BA-45D6-954A-47CEA58DE730}.Release|Any CPU.Build.0 = Release|Any CPU
		{61A18B72-14BA-45D6-954A-47CEA58DE730}.Release|x64.ActiveCfg = Release|Any CPU
		{61A18B72-14BA-45D6-954A-47CEA58DE730}.Release|x64.Build.0 = Release|Any CPU
		{61A18B72-14BA-45D6-954A-47CEA58DE730}.Release|x86.ActiveCfg = Release|Any CPU
		{61A18B72-14BA-45D6-954A-47CEA58DE730}.Release|x86.Build.0 = Release|Any CPU
		{DC4F0C0B-ACCB-4475-AB79-A664A5238005}.Debug|Any CPU.ActiveCfg = Debug|Any CPU
		{DC4F0C0B-ACCB-4475-AB79-A664A5238005}.Debug|Any CPU.Build.0 = Debug|Any CPU
		{DC4F0C0B-ACCB-4475-AB79-A664A5238005}.Debug|x64.ActiveCfg = Debug|Any CPU
		{DC4F0C0B-ACCB-4475-AB79-A664A5238005}.Debug|x64.Build.0 = Debug|Any CPU
		{DC4F0C0B-ACCB-4475-AB79-A664A5238005}.Debug|x86.ActiveCfg = Debug|Any CPU
		{DC4F0C0B-ACCB-4475-AB79-A664A5238005}.Debug|x86.Build.0 = Debug|Any CPU
		{DC4F0C0B-ACCB-4475-AB79-A664A5238005}.Release|Any CPU.ActiveCfg = Release|Any CPU
		{DC4F0C0B-ACCB-4475-AB79-A664A5238005}.Release|Any CPU.Build.0 = Release|Any CPU
		{DC4F0C0B-ACCB-4475-AB79-A664A5238005}.Release|x64.ActiveCfg = Release|Any CPU
		{DC4F0C0B-ACCB-4475-AB79-A664A5238005}.Release|x64.Build.0 = Release|Any CPU
		{DC4F0C0B-ACCB-4475-AB79-A664A5238005}.Release|x86.ActiveCfg = Release|Any CPU
		{DC4F0C0B-ACCB-4475-AB79-A664A5238005}.Release|x86.Build.0 = Release|Any CPU
		{815FDC57-B9A2-4090-839E-2CB5945D5300}.Debug|Any CPU.ActiveCfg = Debug|Any CPU
		{815FDC57-B9A2-4090-839E-2CB5945D5300}.Debug|Any CPU.Build.0 = Debug|Any CPU
		{815FDC57-B9A2-4090-839E-2CB5945D5300}.Debug|x64.ActiveCfg = Debug|Any CPU
		{815FDC57-B9A2-4090-839E-2CB5945D5300}.Debug|x64.Build.0 = Debug|Any CPU
		{815FDC57-B9A2-4090-839E-2CB5945D5300}.Debug|x86.ActiveCfg = Debug|Any CPU
		{815FDC57-B9A2-4090-839E-2CB5945D5300}.Debug|x86.Build.0 = Debug|Any CPU
		{815FDC57-B9A2-4090-839E-2CB5945D5300}.Release|Any CPU.ActiveCfg = Release|Any CPU
		{815FDC57-B9A2-4090-839E-2CB5945D5300}.Release|Any CPU.Build.0 = Release|Any CPU
		{815FDC57-B9A2-4090-839E-2CB5945D5300}.Release|x64.ActiveCfg = Release|Any CPU
		{815FDC57-B9A2-4090-839E-2CB5945D5300}.Release|x64.Build.0 = Release|Any CPU
		{815FDC57-B9A2-4090-839E-2CB5945D5300}.Release|x86.ActiveCfg = Release|Any CPU
		{815FDC57-B9A2-4090-839E-2CB5945D5300}.Release|x86.Build.0 = Release|Any CPU
		{B61E013F-0607-4B27-A179-08392A05CD17}.Debug|Any CPU.ActiveCfg = Debug|Any CPU
		{B61E013F-0607-4B27-A179-08392A05CD17}.Debug|Any CPU.Build.0 = Debug|Any CPU
		{B61E013F-0607-4B27-A179-08392A05CD17}.Debug|x64.ActiveCfg = Debug|Any CPU
		{B61E013F-0607-4B27-A179-08392A05CD17}.Debug|x64.Build.0 = Debug|Any CPU
		{B61E013F-0607-4B27-A179-08392A05CD17}.Debug|x86.ActiveCfg = Debug|Any CPU
		{B61E013F-0607-4B27-A179-08392A05CD17}.Debug|x86.Build.0 = Debug|Any CPU
		{B61E013F-0607-4B27-A179-08392A05CD17}.Release|Any CPU.ActiveCfg = Release|Any CPU
		{B61E013F-0607-4B27-A179-08392A05CD17}.Release|Any CPU.Build.0 = Release|Any CPU
		{B61E013F-0607-4B27-A179-08392A05CD17}.Release|x64.ActiveCfg = Release|Any CPU
		{B61E013F-0607-4B27-A179-08392A05CD17}.Release|x64.Build.0 = Release|Any CPU
		{B61E013F-0607-4B27-A179-08392A05CD17}.Release|x86.ActiveCfg = Release|Any CPU
		{B61E013F-0607-4B27-A179-08392A05CD17}.Release|x86.Build.0 = Release|Any CPU
		{FBB8BE80-7C03-400D-857B-2BB24F545754}.Debug|Any CPU.ActiveCfg = Debug|Any CPU
		{FBB8BE80-7C03-400D-857B-2BB24F545754}.Debug|Any CPU.Build.0 = Debug|Any CPU
		{FBB8BE80-7C03-400D-857B-2BB24F545754}.Debug|x64.ActiveCfg = Debug|Any CPU
		{FBB8BE80-7C03-400D-857B-2BB24F545754}.Debug|x64.Build.0 = Debug|Any CPU
		{FBB8BE80-7C03-400D-857B-2BB24F545754}.Debug|x86.ActiveCfg = Debug|Any CPU
		{FBB8BE80-7C03-400D-857B-2BB24F545754}.Debug|x86.Build.0 = Debug|Any CPU
		{FBB8BE80-7C03-400D-857B-2BB24F545754}.Release|Any CPU.ActiveCfg = Release|Any CPU
		{FBB8BE80-7C03-400D-857B-2BB24F545754}.Release|Any CPU.Build.0 = Release|Any CPU
		{FBB8BE80-7C03-400D-857B-2BB24F545754}.Release|x64.ActiveCfg = Release|Any CPU
		{FBB8BE80-7C03-400D-857B-2BB24F545754}.Release|x64.Build.0 = Release|Any CPU
		{FBB8BE80-7C03-400D-857B-2BB24F545754}.Release|x86.ActiveCfg = Release|Any CPU
		{FBB8BE80-7C03-400D-857B-2BB24F545754}.Release|x86.Build.0 = Release|Any CPU
		{D0081D65-7F18-4E90-8EF0-6D577992296B}.Debug|Any CPU.ActiveCfg = Debug|Any CPU
		{D0081D65-7F18-4E90-8EF0-6D577992296B}.Debug|Any CPU.Build.0 = Debug|Any CPU
		{D0081D65-7F18-4E90-8EF0-6D577992296B}.Debug|x64.ActiveCfg = Debug|Any CPU
		{D0081D65-7F18-4E90-8EF0-6D577992296B}.Debug|x64.Build.0 = Debug|Any CPU
		{D0081D65-7F18-4E90-8EF0-6D577992296B}.Debug|x86.ActiveCfg = Debug|Any CPU
		{D0081D65-7F18-4E90-8EF0-6D577992296B}.Debug|x86.Build.0 = Debug|Any CPU
		{D0081D65-7F18-4E90-8EF0-6D577992296B}.Release|Any CPU.ActiveCfg = Release|Any CPU
		{D0081D65-7F18-4E90-8EF0-6D577992296B}.Release|Any CPU.Build.0 = Release|Any CPU
		{D0081D65-7F18-4E90-8EF0-6D577992296B}.Release|x64.ActiveCfg = Release|Any CPU
		{D0081D65-7F18-4E90-8EF0-6D577992296B}.Release|x64.Build.0 = Release|Any CPU
		{D0081D65-7F18-4E90-8EF0-6D577992296B}.Release|x86.ActiveCfg = Release|Any CPU
		{D0081D65-7F18-4E90-8EF0-6D577992296B}.Release|x86.Build.0 = Release|Any CPU
		{DD78333E-2601-40B1-9BC2-A6CB9E5382B2}.Debug|Any CPU.ActiveCfg = Debug|Any CPU
		{DD78333E-2601-40B1-9BC2-A6CB9E5382B2}.Debug|Any CPU.Build.0 = Debug|Any CPU
		{DD78333E-2601-40B1-9BC2-A6CB9E5382B2}.Debug|x64.ActiveCfg = Debug|Any CPU
		{DD78333E-2601-40B1-9BC2-A6CB9E5382B2}.Debug|x64.Build.0 = Debug|Any CPU
		{DD78333E-2601-40B1-9BC2-A6CB9E5382B2}.Debug|x86.ActiveCfg = Debug|Any CPU
		{DD78333E-2601-40B1-9BC2-A6CB9E5382B2}.Debug|x86.Build.0 = Debug|Any CPU
		{DD78333E-2601-40B1-9BC2-A6CB9E5382B2}.Release|Any CPU.ActiveCfg = Release|Any CPU
		{DD78333E-2601-40B1-9BC2-A6CB9E5382B2}.Release|Any CPU.Build.0 = Release|Any CPU
		{DD78333E-2601-40B1-9BC2-A6CB9E5382B2}.Release|x64.ActiveCfg = Release|Any CPU
		{DD78333E-2601-40B1-9BC2-A6CB9E5382B2}.Release|x64.Build.0 = Release|Any CPU
		{DD78333E-2601-40B1-9BC2-A6CB9E5382B2}.Release|x86.ActiveCfg = Release|Any CPU
		{DD78333E-2601-40B1-9BC2-A6CB9E5382B2}.Release|x86.Build.0 = Release|Any CPU
		{82BBC895-951F-4D70-86E8-225DC29C8C19}.Debug|Any CPU.ActiveCfg = Debug|Any CPU
		{82BBC895-951F-4D70-86E8-225DC29C8C19}.Debug|Any CPU.Build.0 = Debug|Any CPU
		{82BBC895-951F-4D70-86E8-225DC29C8C19}.Debug|x64.ActiveCfg = Debug|Any CPU
		{82BBC895-951F-4D70-86E8-225DC29C8C19}.Debug|x64.Build.0 = Debug|Any CPU
		{82BBC895-951F-4D70-86E8-225DC29C8C19}.Debug|x86.ActiveCfg = Debug|Any CPU
		{82BBC895-951F-4D70-86E8-225DC29C8C19}.Debug|x86.Build.0 = Debug|Any CPU
		{82BBC895-951F-4D70-86E8-225DC29C8C19}.Release|Any CPU.ActiveCfg = Release|Any CPU
		{82BBC895-951F-4D70-86E8-225DC29C8C19}.Release|Any CPU.Build.0 = Release|Any CPU
		{82BBC895-951F-4D70-86E8-225DC29C8C19}.Release|x64.ActiveCfg = Release|Any CPU
		{82BBC895-951F-4D70-86E8-225DC29C8C19}.Release|x64.Build.0 = Release|Any CPU
		{82BBC895-951F-4D70-86E8-225DC29C8C19}.Release|x86.ActiveCfg = Release|Any CPU
		{82BBC895-951F-4D70-86E8-225DC29C8C19}.Release|x86.Build.0 = Release|Any CPU
		{E620BEFA-3EA3-4810-88CC-F2CD82F5304F}.Debug|Any CPU.ActiveCfg = Debug|Any CPU
		{E620BEFA-3EA3-4810-88CC-F2CD82F5304F}.Debug|Any CPU.Build.0 = Debug|Any CPU
		{E620BEFA-3EA3-4810-88CC-F2CD82F5304F}.Debug|x64.ActiveCfg = Debug|Any CPU
		{E620BEFA-3EA3-4810-88CC-F2CD82F5304F}.Debug|x64.Build.0 = Debug|Any CPU
		{E620BEFA-3EA3-4810-88CC-F2CD82F5304F}.Debug|x86.ActiveCfg = Debug|Any CPU
		{E620BEFA-3EA3-4810-88CC-F2CD82F5304F}.Debug|x86.Build.0 = Debug|Any CPU
		{E620BEFA-3EA3-4810-88CC-F2CD82F5304F}.Release|Any CPU.ActiveCfg = Release|Any CPU
		{E620BEFA-3EA3-4810-88CC-F2CD82F5304F}.Release|Any CPU.Build.0 = Release|Any CPU
		{E620BEFA-3EA3-4810-88CC-F2CD82F5304F}.Release|x64.ActiveCfg = Release|Any CPU
		{E620BEFA-3EA3-4810-88CC-F2CD82F5304F}.Release|x64.Build.0 = Release|Any CPU
		{E620BEFA-3EA3-4810-88CC-F2CD82F5304F}.Release|x86.ActiveCfg = Release|Any CPU
		{E620BEFA-3EA3-4810-88CC-F2CD82F5304F}.Release|x86.Build.0 = Release|Any CPU
		{8060F8EF-B5FD-43D4-A0CD-87AEA76BB87A}.Debug|Any CPU.ActiveCfg = Debug|Any CPU
		{8060F8EF-B5FD-43D4-A0CD-87AEA76BB87A}.Debug|Any CPU.Build.0 = Debug|Any CPU
		{8060F8EF-B5FD-43D4-A0CD-87AEA76BB87A}.Debug|x64.ActiveCfg = Debug|Any CPU
		{8060F8EF-B5FD-43D4-A0CD-87AEA76BB87A}.Debug|x64.Build.0 = Debug|Any CPU
		{8060F8EF-B5FD-43D4-A0CD-87AEA76BB87A}.Debug|x86.ActiveCfg = Debug|Any CPU
		{8060F8EF-B5FD-43D4-A0CD-87AEA76BB87A}.Debug|x86.Build.0 = Debug|Any CPU
		{8060F8EF-B5FD-43D4-A0CD-87AEA76BB87A}.Release|Any CPU.ActiveCfg = Release|Any CPU
		{8060F8EF-B5FD-43D4-A0CD-87AEA76BB87A}.Release|Any CPU.Build.0 = Release|Any CPU
		{8060F8EF-B5FD-43D4-A0CD-87AEA76BB87A}.Release|x64.ActiveCfg = Release|Any CPU
		{8060F8EF-B5FD-43D4-A0CD-87AEA76BB87A}.Release|x64.Build.0 = Release|Any CPU
		{8060F8EF-B5FD-43D4-A0CD-87AEA76BB87A}.Release|x86.ActiveCfg = Release|Any CPU
		{8060F8EF-B5FD-43D4-A0CD-87AEA76BB87A}.Release|x86.Build.0 = Release|Any CPU
		{62E03280-5161-40F5-8523-F7CEAE081E93}.Debug|Any CPU.ActiveCfg = Debug|Any CPU
		{62E03280-5161-40F5-8523-F7CEAE081E93}.Debug|Any CPU.Build.0 = Debug|Any CPU
		{62E03280-5161-40F5-8523-F7CEAE081E93}.Debug|x64.ActiveCfg = Debug|Any CPU
		{62E03280-5161-40F5-8523-F7CEAE081E93}.Debug|x64.Build.0 = Debug|Any CPU
		{62E03280-5161-40F5-8523-F7CEAE081E93}.Debug|x86.ActiveCfg = Debug|Any CPU
		{62E03280-5161-40F5-8523-F7CEAE081E93}.Debug|x86.Build.0 = Debug|Any CPU
		{62E03280-5161-40F5-8523-F7CEAE081E93}.Release|Any CPU.ActiveCfg = Release|Any CPU
		{62E03280-5161-40F5-8523-F7CEAE081E93}.Release|Any CPU.Build.0 = Release|Any CPU
		{62E03280-5161-40F5-8523-F7CEAE081E93}.Release|x64.ActiveCfg = Release|Any CPU
		{62E03280-5161-40F5-8523-F7CEAE081E93}.Release|x64.Build.0 = Release|Any CPU
		{62E03280-5161-40F5-8523-F7CEAE081E93}.Release|x86.ActiveCfg = Release|Any CPU
		{62E03280-5161-40F5-8523-F7CEAE081E93}.Release|x86.Build.0 = Release|Any CPU
		{70E3F35A-A6EB-4229-B991-ADBB0903849B}.Debug|Any CPU.ActiveCfg = Debug|Any CPU
		{70E3F35A-A6EB-4229-B991-ADBB0903849B}.Debug|Any CPU.Build.0 = Debug|Any CPU
		{70E3F35A-A6EB-4229-B991-ADBB0903849B}.Debug|x64.ActiveCfg = Debug|Any CPU
		{70E3F35A-A6EB-4229-B991-ADBB0903849B}.Debug|x64.Build.0 = Debug|Any CPU
		{70E3F35A-A6EB-4229-B991-ADBB0903849B}.Debug|x86.ActiveCfg = Debug|Any CPU
		{70E3F35A-A6EB-4229-B991-ADBB0903849B}.Debug|x86.Build.0 = Debug|Any CPU
		{70E3F35A-A6EB-4229-B991-ADBB0903849B}.Release|Any CPU.ActiveCfg = Release|Any CPU
		{70E3F35A-A6EB-4229-B991-ADBB0903849B}.Release|Any CPU.Build.0 = Release|Any CPU
		{70E3F35A-A6EB-4229-B991-ADBB0903849B}.Release|x64.ActiveCfg = Release|Any CPU
		{70E3F35A-A6EB-4229-B991-ADBB0903849B}.Release|x64.Build.0 = Release|Any CPU
		{70E3F35A-A6EB-4229-B991-ADBB0903849B}.Release|x86.ActiveCfg = Release|Any CPU
		{70E3F35A-A6EB-4229-B991-ADBB0903849B}.Release|x86.Build.0 = Release|Any CPU
		{969F3D26-633A-4805-8FBC-CDB79BD97EF1}.Debug|Any CPU.ActiveCfg = Debug|Any CPU
		{969F3D26-633A-4805-8FBC-CDB79BD97EF1}.Debug|Any CPU.Build.0 = Debug|Any CPU
		{969F3D26-633A-4805-8FBC-CDB79BD97EF1}.Debug|x64.ActiveCfg = Debug|Any CPU
		{969F3D26-633A-4805-8FBC-CDB79BD97EF1}.Debug|x64.Build.0 = Debug|Any CPU
		{969F3D26-633A-4805-8FBC-CDB79BD97EF1}.Debug|x86.ActiveCfg = Debug|Any CPU
		{969F3D26-633A-4805-8FBC-CDB79BD97EF1}.Debug|x86.Build.0 = Debug|Any CPU
		{969F3D26-633A-4805-8FBC-CDB79BD97EF1}.Release|Any CPU.ActiveCfg = Release|Any CPU
		{969F3D26-633A-4805-8FBC-CDB79BD97EF1}.Release|Any CPU.Build.0 = Release|Any CPU
		{969F3D26-633A-4805-8FBC-CDB79BD97EF1}.Release|x64.ActiveCfg = Release|Any CPU
		{969F3D26-633A-4805-8FBC-CDB79BD97EF1}.Release|x64.Build.0 = Release|Any CPU
		{969F3D26-633A-4805-8FBC-CDB79BD97EF1}.Release|x86.ActiveCfg = Release|Any CPU
		{969F3D26-633A-4805-8FBC-CDB79BD97EF1}.Release|x86.Build.0 = Release|Any CPU
		{1E3A0BDD-8352-43EA-83F7-5AE6E78F4D0D}.Debug|Any CPU.ActiveCfg = Debug|Any CPU
		{1E3A0BDD-8352-43EA-83F7-5AE6E78F4D0D}.Debug|Any CPU.Build.0 = Debug|Any CPU
		{1E3A0BDD-8352-43EA-83F7-5AE6E78F4D0D}.Debug|x64.ActiveCfg = Debug|Any CPU
		{1E3A0BDD-8352-43EA-83F7-5AE6E78F4D0D}.Debug|x64.Build.0 = Debug|Any CPU
		{1E3A0BDD-8352-43EA-83F7-5AE6E78F4D0D}.Debug|x86.ActiveCfg = Debug|Any CPU
		{1E3A0BDD-8352-43EA-83F7-5AE6E78F4D0D}.Debug|x86.Build.0 = Debug|Any CPU
		{1E3A0BDD-8352-43EA-83F7-5AE6E78F4D0D}.Release|Any CPU.ActiveCfg = Release|Any CPU
		{1E3A0BDD-8352-43EA-83F7-5AE6E78F4D0D}.Release|Any CPU.Build.0 = Release|Any CPU
		{1E3A0BDD-8352-43EA-83F7-5AE6E78F4D0D}.Release|x64.ActiveCfg = Release|Any CPU
		{1E3A0BDD-8352-43EA-83F7-5AE6E78F4D0D}.Release|x64.Build.0 = Release|Any CPU
		{1E3A0BDD-8352-43EA-83F7-5AE6E78F4D0D}.Release|x86.ActiveCfg = Release|Any CPU
		{1E3A0BDD-8352-43EA-83F7-5AE6E78F4D0D}.Release|x86.Build.0 = Release|Any CPU
		{9B689113-7E7E-4BDD-B12F-8A7642C1A2EF}.Debug|Any CPU.ActiveCfg = Debug|Any CPU
		{9B689113-7E7E-4BDD-B12F-8A7642C1A2EF}.Debug|Any CPU.Build.0 = Debug|Any CPU
		{9B689113-7E7E-4BDD-B12F-8A7642C1A2EF}.Debug|x64.ActiveCfg = Debug|Any CPU
		{9B689113-7E7E-4BDD-B12F-8A7642C1A2EF}.Debug|x64.Build.0 = Debug|Any CPU
		{9B689113-7E7E-4BDD-B12F-8A7642C1A2EF}.Debug|x86.ActiveCfg = Debug|Any CPU
		{9B689113-7E7E-4BDD-B12F-8A7642C1A2EF}.Debug|x86.Build.0 = Debug|Any CPU
		{9B689113-7E7E-4BDD-B12F-8A7642C1A2EF}.Release|Any CPU.ActiveCfg = Release|Any CPU
		{9B689113-7E7E-4BDD-B12F-8A7642C1A2EF}.Release|Any CPU.Build.0 = Release|Any CPU
		{9B689113-7E7E-4BDD-B12F-8A7642C1A2EF}.Release|x64.ActiveCfg = Release|Any CPU
		{9B689113-7E7E-4BDD-B12F-8A7642C1A2EF}.Release|x64.Build.0 = Release|Any CPU
		{9B689113-7E7E-4BDD-B12F-8A7642C1A2EF}.Release|x86.ActiveCfg = Release|Any CPU
		{9B689113-7E7E-4BDD-B12F-8A7642C1A2EF}.Release|x86.Build.0 = Release|Any CPU
		{45561877-9467-4218-A051-CD9D66082D16}.Debug|Any CPU.ActiveCfg = Debug|Any CPU
		{45561877-9467-4218-A051-CD9D66082D16}.Debug|Any CPU.Build.0 = Debug|Any CPU
		{45561877-9467-4218-A051-CD9D66082D16}.Debug|x64.ActiveCfg = Debug|Any CPU
		{45561877-9467-4218-A051-CD9D66082D16}.Debug|x64.Build.0 = Debug|Any CPU
		{45561877-9467-4218-A051-CD9D66082D16}.Debug|x86.ActiveCfg = Debug|Any CPU
		{45561877-9467-4218-A051-CD9D66082D16}.Debug|x86.Build.0 = Debug|Any CPU
		{45561877-9467-4218-A051-CD9D66082D16}.Release|Any CPU.ActiveCfg = Release|Any CPU
		{45561877-9467-4218-A051-CD9D66082D16}.Release|Any CPU.Build.0 = Release|Any CPU
		{45561877-9467-4218-A051-CD9D66082D16}.Release|x64.ActiveCfg = Release|Any CPU
		{45561877-9467-4218-A051-CD9D66082D16}.Release|x64.Build.0 = Release|Any CPU
		{45561877-9467-4218-A051-CD9D66082D16}.Release|x86.ActiveCfg = Release|Any CPU
		{45561877-9467-4218-A051-CD9D66082D16}.Release|x86.Build.0 = Release|Any CPU
		{91EADBB0-B06C-4F0B-B640-70F0FD6ECD5A}.Debug|Any CPU.ActiveCfg = Debug|Any CPU
		{91EADBB0-B06C-4F0B-B640-70F0FD6ECD5A}.Debug|Any CPU.Build.0 = Debug|Any CPU
		{91EADBB0-B06C-4F0B-B640-70F0FD6ECD5A}.Debug|x64.ActiveCfg = Debug|Any CPU
		{91EADBB0-B06C-4F0B-B640-70F0FD6ECD5A}.Debug|x64.Build.0 = Debug|Any CPU
		{91EADBB0-B06C-4F0B-B640-70F0FD6ECD5A}.Debug|x86.ActiveCfg = Debug|Any CPU
		{91EADBB0-B06C-4F0B-B640-70F0FD6ECD5A}.Debug|x86.Build.0 = Debug|Any CPU
		{91EADBB0-B06C-4F0B-B640-70F0FD6ECD5A}.Release|Any CPU.ActiveCfg = Release|Any CPU
		{91EADBB0-B06C-4F0B-B640-70F0FD6ECD5A}.Release|Any CPU.Build.0 = Release|Any CPU
		{91EADBB0-B06C-4F0B-B640-70F0FD6ECD5A}.Release|x64.ActiveCfg = Release|Any CPU
		{91EADBB0-B06C-4F0B-B640-70F0FD6ECD5A}.Release|x64.Build.0 = Release|Any CPU
		{91EADBB0-B06C-4F0B-B640-70F0FD6ECD5A}.Release|x86.ActiveCfg = Release|Any CPU
		{91EADBB0-B06C-4F0B-B640-70F0FD6ECD5A}.Release|x86.Build.0 = Release|Any CPU
	EndGlobalSection
	GlobalSection(SolutionProperties) = preSolution
		HideSolutionNode = FALSE
	EndGlobalSection
	GlobalSection(NestedProjects) = preSolution
		{63099726-35F3-4F9E-A0B4-48D7EEC7C3B0} = {827E0CD3-B72D-47B6-A68D-7590B98EB39B}
		{2D19FC46-99E7-4A62-B3A3-4EE401B96BFE} = {827E0CD3-B72D-47B6-A68D-7590B98EB39B}
		{9B66ACA9-434B-42F5-8FDC-B81374D502BE} = {827E0CD3-B72D-47B6-A68D-7590B98EB39B}
		{11C8DB10-8613-4D84-B669-6D9A5CD27B67} = {827E0CD3-B72D-47B6-A68D-7590B98EB39B}
		{39B27EC2-97F7-427D-B908-840A1FC68A84} = {827E0CD3-B72D-47B6-A68D-7590B98EB39B}
		{24CD630B-9CE5-4951-B022-DAF167092ADC} = {827E0CD3-B72D-47B6-A68D-7590B98EB39B}
		{9C2EDA13-7A87-4B2B-B2E8-AF1503FB9369} = {827E0CD3-B72D-47B6-A68D-7590B98EB39B}
		{E9A6DA1E-30BE-4D3C-B7F4-DBBFD6E50E96} = {827E0CD3-B72D-47B6-A68D-7590B98EB39B}
		{BCFAA28A-2C16-48D0-B861-C0C4E9902B9F} = {827E0CD3-B72D-47B6-A68D-7590B98EB39B}
		{AE99A264-00A8-4CEA-A511-8967DB3A843C} = {827E0CD3-B72D-47B6-A68D-7590B98EB39B}
		{C4552E16-138D-42A3-B31A-D63C48A3B95B} = {827E0CD3-B72D-47B6-A68D-7590B98EB39B}
		{6530BBF6-72E0-4904-AF83-4D1B8041A04C} = {827E0CD3-B72D-47B6-A68D-7590B98EB39B}
		{61A18B72-14BA-45D6-954A-47CEA58DE730} = {827E0CD3-B72D-47B6-A68D-7590B98EB39B}
		{DC4F0C0B-ACCB-4475-AB79-A664A5238005} = {827E0CD3-B72D-47B6-A68D-7590B98EB39B}
		{815FDC57-B9A2-4090-839E-2CB5945D5300} = {827E0CD3-B72D-47B6-A68D-7590B98EB39B}
		{B61E013F-0607-4B27-A179-08392A05CD17} = {0AB3BF05-4346-4AA6-1389-037BE0695223}
		{FBB8BE80-7C03-400D-857B-2BB24F545754} = {0AB3BF05-4346-4AA6-1389-037BE0695223}
		{D0081D65-7F18-4E90-8EF0-6D577992296B} = {0AB3BF05-4346-4AA6-1389-037BE0695223}
		{DD78333E-2601-40B1-9BC2-A6CB9E5382B2} = {0AB3BF05-4346-4AA6-1389-037BE0695223}
		{82BBC895-951F-4D70-86E8-225DC29C8C19} = {0AB3BF05-4346-4AA6-1389-037BE0695223}
		{E620BEFA-3EA3-4810-88CC-F2CD82F5304F} = {0AB3BF05-4346-4AA6-1389-037BE0695223}
		{8060F8EF-B5FD-43D4-A0CD-87AEA76BB87A} = {0AB3BF05-4346-4AA6-1389-037BE0695223}
		{62E03280-5161-40F5-8523-F7CEAE081E93} = {0AB3BF05-4346-4AA6-1389-037BE0695223}
		{70E3F35A-A6EB-4229-B991-ADBB0903849B} = {0AB3BF05-4346-4AA6-1389-037BE0695223}
		{969F3D26-633A-4805-8FBC-CDB79BD97EF1} = {0AB3BF05-4346-4AA6-1389-037BE0695223}
		{1E3A0BDD-8352-43EA-83F7-5AE6E78F4D0D} = {0AB3BF05-4346-4AA6-1389-037BE0695223}
		{9B689113-7E7E-4BDD-B12F-8A7642C1A2EF} = {827E0CD3-B72D-47B6-A68D-7590B98EB39B}
		{45561877-9467-4218-A051-CD9D66082D16} = {827E0CD3-B72D-47B6-A68D-7590B98EB39B}
		{91EADBB0-B06C-4F0B-B640-70F0FD6ECD5A} = {66320409-64EC-F7C5-3DEF-65E7510DAAD1}
	EndGlobalSection
EndGlobal
